lockfileVersion: '6.0'

settings:
  autoInstallPeers: true
  excludeLinksFromLockfile: false

dependencies:
  express:
    specifier: ^4.19.2
    version: 4.19.2
  uuid:
    specifier: ^9.0.1
    version: 9.0.1

devDependencies:
  '@types/express':
    specifier: ^4.17.21
    version: 4.17.21
  '@types/node':
    specifier: ^18.7.16
    version: 18.19.28
  '@types/uuid':
    specifier: ^9.0.8
    version: 9.0.8
  nodemon:
    specifier: ^3.1.0
    version: 3.1.0
  pm2:
    specifier: ^5.3.1
    version: 5.3.1
  ts-node:
    specifier: ^10.9.1
    version: 10.9.2(@types/node@18.19.28)(typescript@4.9.5)
  typescript:
    specifier: ^4.8.3
    version: 4.9.5

packages:

  /@cspotcode/source-map-support@0.8.1:
    resolution: {integrity: sha1-AGKcNaaI4FqIsc2mhPudXnPwAKE=}
    engines: {node: '>=12'}
    dependencies:
      '@jridgewell/trace-mapping': 0.3.9
    dev: true

  /@jridgewell/resolve-uri@3.1.2:
    resolution: {integrity: sha1-eg7mAfYPmaIMfHxf8MgDiMEYm9Y=}
    engines: {node: '>=6.0.0'}
    dev: true

  /@jridgewell/sourcemap-codec@1.4.15:
    resolution: {integrity: sha1-18bmdVx4VnqVHgSrUu8P0m3lnzI=}
    dev: true

  /@jridgewell/trace-mapping@0.3.9:
    resolution: {integrity: sha1-ZTT9WTOlO6fL86F2FeJzoNEnP/k=}
    dependencies:
      '@jridgewell/resolve-uri': 3.1.2
      '@jridgewell/sourcemap-codec': 1.4.15
    dev: true

  /@opencensus/core@0.0.8:
    resolution: {integrity: sha1-3wHyAMLS+/4U2uEpoahvuHKG25I=}
    engines: {node: '>=6.0'}
    dependencies:
      continuation-local-storage: 3.2.1
      log-driver: 1.2.7
      semver: 5.7.2
      shimmer: 1.2.1
      uuid: 3.4.0
    dev: true

  /@opencensus/core@0.0.9:
    resolution: {integrity: sha1-sW93VDXuMJQz5BJq8ZTTcxP8k7M=}
    engines: {node: '>=6.0'}
    dependencies:
      continuation-local-storage: 3.2.1
      log-driver: 1.2.7
      semver: 5.7.2
      shimmer: 1.2.1
      uuid: 3.4.0
    dev: true

  /@opencensus/propagation-b3@0.0.8:
    resolution: {integrity: sha1-B1Hm/XXwlADZ08QZAB6eFaDfaOk=}
    engines: {node: '>=6.0'}
    dependencies:
      '@opencensus/core': 0.0.8
      uuid: 3.4.0
    dev: true

  /@pm2/agent@2.0.3:
    resolution: {integrity: sha1-a0f9qDfxhYZHZ/4eBI9h0d4x/EU=}
    dependencies:
      async: 3.2.5
      chalk: 3.0.0
      dayjs: 1.8.36
      debug: 4.3.4(supports-color@5.5.0)
      eventemitter2: 5.0.1
      fast-json-patch: 3.1.1
      fclone: 1.0.11
      nssocket: 0.6.0
      pm2-axon: 4.0.1
      pm2-axon-rpc: 0.7.1
      proxy-agent: 6.3.1
      semver: 7.5.4
      ws: 7.4.6
    transitivePeerDependencies:
      - bufferutil
      - supports-color
      - utf-8-validate
    dev: true

  /@pm2/io@5.0.2:
    resolution: {integrity: sha1-XkF3KBKACC18SQu3dvrX+ESMa8o=}
    engines: {node: '>=6.0'}
    dependencies:
      '@opencensus/core': 0.0.9
      '@opencensus/propagation-b3': 0.0.8
      async: 2.6.4
      debug: 4.3.4(supports-color@5.5.0)
      eventemitter2: 6.4.9
      require-in-the-middle: 5.2.0
      semver: 7.5.4
      shimmer: 1.2.1
      signal-exit: 3.0.7
      tslib: 1.9.3
    transitivePeerDependencies:
      - supports-color
    dev: true

  /@pm2/js-api@0.8.0:
    resolution: {integrity: sha1-0biv9WLdNL76PLMP4o4Iyfl0Orw=}
    engines: {node: '>=4.0'}
    dependencies:
      async: 2.6.4
      debug: 4.3.4(supports-color@5.5.0)
      eventemitter2: 6.4.9
      extrareqp2: 1.0.0(debug@4.3.4)
      ws: 7.5.9
    transitivePeerDependencies:
      - bufferutil
      - supports-color
      - utf-8-validate
    dev: true

  /@pm2/pm2-version-check@1.0.4:
    resolution: {integrity: sha1-z5f7sUsOypVDDKBe7cy9JoOAbkM=}
    dependencies:
      debug: 4.3.4(supports-color@5.5.0)
    transitivePeerDependencies:
      - supports-color
    dev: true

  /@tootallnate/quickjs-emscripten@0.23.0:
    resolution: {integrity: sha1-207P1JmpdlqyQALDtpbQLm0yoSw=}
    dev: true

  /@tsconfig/node10@1.0.11:
    resolution: {integrity: sha1-buRkAGhfEw4ngSjHs4t+Ax/1svI=}
    dev: true

  /@tsconfig/node12@1.0.11:
    resolution: {integrity: sha1-7j3vHyfZ7WbaxuRqKVz/sBUuBY0=}
    dev: true

  /@tsconfig/node14@1.0.3:
    resolution: {integrity: sha1-5DhjFihPALmENb9A9y91oJ2r9sE=}
    dev: true

  /@tsconfig/node16@1.0.4:
    resolution: {integrity: sha1-C5LcwMwcgfbzBqOB8o4xsaVlNuk=}
    dev: true

  /@types/body-parser@1.19.5:
    resolution: {integrity: sha1-BM6aO2d9yL1oGhfaGrmDXcnT7eQ=}
    dependencies:
      '@types/connect': 3.4.38
      '@types/node': 18.19.28
    dev: true

  /@types/connect@3.4.38:
    resolution: {integrity: sha1-W6fzvE+73q/43e2VLl/yzFP42Fg=}
    dependencies:
      '@types/node': 18.19.28
    dev: true

  /@types/express-serve-static-core@4.17.43:
    resolution: {integrity: sha1-ENhES+Vgy3icRzWuperG5a9F31Q=}
    dependencies:
      '@types/node': 18.19.28
      '@types/qs': 6.9.14
      '@types/range-parser': 1.2.7
      '@types/send': 0.17.4
    dev: true

  /@types/express@4.17.21:
    resolution: {integrity: sha1-wm1KFR5g7+AISyPcM2nrxjHtGS0=}
    dependencies:
      '@types/body-parser': 1.19.5
      '@types/express-serve-static-core': 4.17.43
      '@types/qs': 6.9.14
      '@types/serve-static': 1.15.5
    dev: true

  /@types/http-errors@2.0.4:
    resolution: {integrity: sha1-frR3JsORtzRabsNa1/TeRpz1uk8=}
    dev: true

  /@types/mime@1.3.5:
    resolution: {integrity: sha1-HvMC4Bz30rWg+lJnkMkSO/HQZpA=}
    dev: true

  /@types/mime@3.0.4:
    resolution: {integrity: sha1-IZisJ03mAXtE2UHgAmHVvGoOCkU=}
    dev: true

  /@types/node@18.19.28:
    resolution: {integrity: sha1-xkosmSyOu/YRAKRXDk7rwZNK4DA=}
    dependencies:
      undici-types: 5.26.5
    dev: true

  /@types/qs@6.9.14:
    resolution: {integrity: sha1-Fp4UK/5JOJUoe+44KvYDl5Xpt1s=}
    dev: true

  /@types/range-parser@1.2.7:
    resolution: {integrity: sha1-UK5DU+qt3AQEQnmBL1LIxlhX28s=}
    dev: true

  /@types/send@0.17.4:
    resolution: {integrity: sha1-ZhnNJOcnB5NwLk5qS5WKkBDPxXo=}
    dependencies:
      '@types/mime': 1.3.5
      '@types/node': 18.19.28
    dev: true

  /@types/serve-static@1.15.5:
    resolution: {integrity: sha1-FeZ1AOxAeJoejJ3vwtMqiW8FsDM=}
    dependencies:
      '@types/http-errors': 2.0.4
      '@types/mime': 3.0.4
      '@types/node': 18.19.28
    dev: true

  /@types/uuid@9.0.8:
    resolution: {integrity: sha1-dUW6T8PAA9bHVvZR878WPY8PKbo=}
    dev: true

  /abbrev@1.1.1:
    resolution: {integrity: sha1-+PLIh60Qv2f2NPAFtph/7TF5qsg=}
    dev: true

  /accepts@1.3.8:
    resolution: {integrity: sha1-C/C+EltnAUrcsLCSHmLbe//hay4=}
    engines: {node: '>= 0.6'}
    dependencies:
      mime-types: 2.1.35
      negotiator: 0.6.3
    dev: false

  /acorn-walk@8.3.2:
    resolution: {integrity: sha1-dwOvlBXxttuTFdaJVQOGLiMdNKo=}
    engines: {node: '>=0.4.0'}
    dev: true

  /acorn@8.11.3:
    resolution: {integrity: sha1-ceCxThOk7BYHJLOPt7DyM7G4HXo=}
    engines: {node: '>=0.4.0'}
    hasBin: true
    dev: true

  /agent-base@7.1.1:
    resolution: {integrity: sha1-vb3tffsJa3UaKgh+7rlmRyWy4xc=}
    engines: {node: '>= 14'}
    dependencies:
      debug: 4.3.4(supports-color@5.5.0)
    transitivePeerDependencies:
      - supports-color
    dev: true

  /amp-message@0.1.2:
    resolution: {integrity: sha1-p48cmJlQh602GSpBKY5NtJ49/EU=}
    dependencies:
      amp: 0.3.1
    dev: true

  /amp@0.3.1:
    resolution: {integrity: sha1-at+NWKdPNh6CwfqNOJwHnhOfxH0=}
    dev: true

  /ansi-colors@4.1.3:
    resolution: {integrity: sha1-N2ETQOsiQ+cMxgTK011jJw1IeBs=}
    engines: {node: '>=6'}
    dev: true

  /ansi-styles@4.3.0:
    resolution: {integrity: sha1-7dgDYornHATIWuegkG7a00tkiTc=}
    engines: {node: '>=8'}
    dependencies:
      color-convert: 2.0.1
    dev: true

  /anymatch@3.1.3:
    resolution: {integrity: sha1-eQxYsZuhcgqEIFtXxhjVrYUklz4=}
    engines: {node: '>= 8'}
    dependencies:
      normalize-path: 3.0.0
      picomatch: 2.3.1
    dev: true

  /arg@4.1.3:
    resolution: {integrity: sha1-Jp/HrVuOQstjyJbVZmAXJhwUQIk=}
    dev: true

  /argparse@1.0.10:
    resolution: {integrity: sha1-vNZ5HqWuCXJeF+WtmIE0zUCz2RE=}
    dependencies:
      sprintf-js: 1.0.3
    dev: true

  /array-flatten@1.1.1:
    resolution: {integrity: sha1-ml9pkFGx5wczKPKgCJaLZOopVdI=}
    dev: false

  /ast-types@0.13.4:
    resolution: {integrity: sha1-7g13s0MmOWXsw/ti2hbnIisrZ4I=}
    engines: {node: '>=4'}
    dependencies:
      tslib: 2.6.2
    dev: true

  /async-listener@0.6.10:
    resolution: {integrity: sha1-p8l6vlcLpgLXgic8DeYKUePhfLw=}
    engines: {node: <=0.11.8 || >0.11.10}
    dependencies:
      semver: 5.7.2
      shimmer: 1.2.1
    dev: true

  /async@2.6.4:
    resolution: {integrity: sha1-cGt/9ghGZM1+rnE/b5ZUM7VQQiE=}
    dependencies:
      lodash: 4.17.21
    dev: true

  /async@3.2.5:
    resolution: {integrity: sha1-69Uqj9r3oiiaJN85n42Ehcika2Y=}
    dev: true

  /balanced-match@1.0.2:
    resolution: {integrity: sha1-6D46fj8wCzTLnYf2FfoMvzV2kO4=}
    dev: true

  /basic-ftp@5.0.5:
    resolution: {integrity: sha1-FKR09f/+zKH09AbxwmsY+AAiWsA=}
    engines: {node: '>=10.0.0'}
    dev: true

  /binary-extensions@2.3.0:
    resolution: {integrity: sha1-9uFKl4WNMnJSIAJC1Mz+UixEVSI=}
    engines: {node: '>=8'}
    dev: true

  /blessed@0.1.81:
    resolution: {integrity: sha1-+WLWh+wsNpVwrnGvhDJW5tDKESk=}
    engines: {node: '>= 0.8.0'}
    hasBin: true
    dev: true

  /bodec@0.1.0:
    resolution: {integrity: sha1-vIUVVUMPI8n3ZQp172TGqUw0GMw=}
    dev: true

  /body-parser@1.20.2:
    resolution: {integrity: sha1-b+sOIcRyTQbef/ONo22tT1enR/0=}
    engines: {node: '>= 0.8', npm: 1.2.8000 || >= 1.4.16}
    dependencies:
      bytes: 3.1.2
      content-type: 1.0.5
      debug: 2.6.9
      depd: 2.0.0
      destroy: 1.2.0
      http-errors: 2.0.0
      iconv-lite: 0.4.24
      on-finished: 2.4.1
      qs: 6.11.0
      raw-body: 2.5.2
      type-is: 1.6.18
      unpipe: 1.0.0
    transitivePeerDependencies:
      - supports-color
    dev: false

  /brace-expansion@1.1.11:
    resolution: {integrity: sha1-PH/L9SnYcibz0vUrlm/1Jx60Qd0=}
    dependencies:
      balanced-match: 1.0.2
      concat-map: 0.0.1
    dev: true

  /braces@3.0.2:
    resolution: {integrity: sha1-NFThpGLujVmeI23zNs2epPiv4Qc=}
    engines: {node: '>=8'}
    dependencies:
      fill-range: 7.0.1
    dev: true

  /buffer-from@1.1.2:
    resolution: {integrity: sha1-KxRqb9cugLT1XSVfNe1Zo6mkG9U=}
    dev: true

  /bytes@3.1.2:
    resolution: {integrity: sha1-iwvuuYYFrfGxKPpDhkA8AJ4CIaU=}
    engines: {node: '>= 0.8'}
    dev: false

  /call-bind@1.0.7:
    resolution: {integrity: sha1-BgFlmcQMVkmMGHadJzC+JCtvo7k=}
    engines: {node: '>= 0.4'}
    dependencies:
      es-define-property: 1.0.0
      es-errors: 1.3.0
      function-bind: 1.1.2
      get-intrinsic: 1.2.4
      set-function-length: 1.2.2
    dev: false

  /chalk@3.0.0:
    resolution: {integrity: sha1-P3PCv1JlkfV0zEksUeJFY0n4ROQ=}
    engines: {node: '>=8'}
    dependencies:
      ansi-styles: 4.3.0
      supports-color: 7.2.0
    dev: true

  /charm@0.1.2:
    resolution: {integrity: sha1-BsIe7RobBq62dVPNxT4jJ0usIpY=}
    dev: true

  /chokidar@3.6.0:
    resolution: {integrity: sha1-GXxsxmnvKo3F57TZfuTgksPrDVs=}
    engines: {node: '>= 8.10.0'}
    dependencies:
      anymatch: 3.1.3
      braces: 3.0.2
      glob-parent: 5.1.2
      is-binary-path: 2.1.0
      is-glob: 4.0.3
      normalize-path: 3.0.0
      readdirp: 3.6.0
    optionalDependencies:
      fsevents: 2.3.3
    dev: true

  /cli-tableau@2.0.1:
    resolution: {integrity: sha1-uqeNg+CKLXq3m32tlAbwJUl3BT8=}
    engines: {node: '>=8.10.0'}
    dependencies:
      chalk: 3.0.0
    dev: true

  /color-convert@2.0.1:
    resolution: {integrity: sha1-ctOmjVmMm9s68q0ehPIdiWq9TeM=}
    engines: {node: '>=7.0.0'}
    dependencies:
      color-name: 1.1.4
    dev: true

  /color-name@1.1.4:
    resolution: {integrity: sha1-wqCah6y95pVD3m9j+jmVyCbFNqI=}
    dev: true

  /commander@2.15.1:
    resolution: {integrity: sha1-30boZ9D8Kuxmo0ZitAapzK//Ww8=}
    dev: true

  /concat-map@0.0.1:
    resolution: {integrity: sha1-2Klr13/Wjfd5OnMDajug1UBdR3s=}
    dev: true

  /content-disposition@0.5.4:
    resolution: {integrity: sha1-i4K076yCUSoCuwsdzsnSxejrW/4=}
    engines: {node: '>= 0.6'}
    dependencies:
      safe-buffer: 5.2.1
    dev: false

  /content-type@1.0.5:
    resolution: {integrity: sha1-i3cxYmVtHRCGeEyPI6VM5tc9eRg=}
    engines: {node: '>= 0.6'}
    dev: false

  /continuation-local-storage@3.2.1:
    resolution: {integrity: sha1-EfYT906RT+mzTJKtLSj+auHbf/s=}
    dependencies:
      async-listener: 0.6.10
      emitter-listener: 1.1.2
    dev: true

  /cookie-signature@1.0.6:
    resolution: {integrity: sha1-4wOogrNCzD7oylE6eZmXNNqzriw=}
    dev: false

  /cookie@0.6.0:
    resolution: {integrity: sha1-J5iwSwcbDsv/DbtipQWo76ThkFE=}
    engines: {node: '>= 0.6'}
    dev: false

  /create-require@1.1.1:
    resolution: {integrity: sha1-wdfo8eX2z8n/ZfnNNS03NIdWwzM=}
    dev: true

  /croner@4.1.97:
    resolution: {integrity: sha1-bjc9x7swJvqy3rDYJoX+7yB5Z2Y=}
    dev: true

  /culvert@0.1.2:
    resolution: {integrity: sha1-lQL18BVKLVoioCPnn3HMk2+m728=}
    dev: true

  /data-uri-to-buffer@6.0.2:
    resolution: {integrity: sha1-ili7ZzhLJho47xi+oYEMsBut0os=}
    engines: {node: '>= 14'}
    dev: true

  /dayjs@1.11.10:
    resolution: {integrity: sha1-aKzqhTF6bhZEV9bWlHVkAppqFqA=}
    dev: true

  /dayjs@1.8.36:
    resolution: {integrity: sha1-vjbiSEZ6+r+PWoa64N4M3O7M7VA=}
    dev: true

  /debug@2.6.9:
    resolution: {integrity: sha1-XRKFFd8TT/Mn6QpMk/Tgd6U2NB8=}
    peerDependencies:
      supports-color: '*'
    peerDependenciesMeta:
      supports-color:
        optional: true
    dependencies:
      ms: 2.0.0
    dev: false

  /debug@3.2.7:
    resolution: {integrity: sha1-clgLfpFF+zm2Z2+cXl+xALk0F5o=}
    peerDependencies:
      supports-color: '*'
    peerDependenciesMeta:
      supports-color:
        optional: true
    dependencies:
      ms: 2.1.3
    dev: true

  /debug@4.3.4(supports-color@5.5.0):
    resolution: {integrity: sha1-Exn2V5NX8jONMzfSzdSRS7XcyGU=}
    engines: {node: '>=6.0'}
    peerDependencies:
      supports-color: '*'
    peerDependenciesMeta:
      supports-color:
        optional: true
    dependencies:
      ms: 2.1.2
      supports-color: 5.5.0
    dev: true

  /define-data-property@1.1.4:
    resolution: {integrity: sha1-iU3BQbt9MGCuQ2b2oBB+aPvkjF4=}
    engines: {node: '>= 0.4'}
    dependencies:
      es-define-property: 1.0.0
      es-errors: 1.3.0
      gopd: 1.0.1
    dev: false

  /degenerator@5.0.1:
    resolution: {integrity: sha1-lAO/KXxtrZoezkCbN9snlU+R8vU=}
    engines: {node: '>= 14'}
    dependencies:
      ast-types: 0.13.4
      escodegen: 2.1.0
      esprima: 4.0.1
    dev: true

  /depd@2.0.0:
    resolution: {integrity: sha1-tpYWPMdXVg0JzyLMj60Vcbeedt8=}
    engines: {node: '>= 0.8'}
    dev: false

  /destroy@1.2.0:
    resolution: {integrity: sha1-SANzVQmti+VSk0xn32FPlOZvoBU=}
    engines: {node: '>= 0.8', npm: 1.2.8000 || >= 1.4.16}
    dev: false

  /diff@4.0.2:
    resolution: {integrity: sha1-YPOuy4nV+uUgwRqhnvwruYKq3n0=}
    engines: {node: '>=0.3.1'}
    dev: true

  /ee-first@1.1.1:
    resolution: {integrity: sha1-WQxhFWsK4vTwJVcyoViyZrxWsh0=}
    dev: false

  /emitter-listener@1.1.2:
    resolution: {integrity: sha1-VrFA6PaZI3Wz18ssqxzHQy2WMug=}
    dependencies:
      shimmer: 1.2.1
    dev: true

  /encodeurl@1.0.2:
    resolution: {integrity: sha1-rT/0yG7C0CkyL1oCw6mmBslbP1k=}
    engines: {node: '>= 0.8'}
    dev: false

  /enquirer@2.3.6:
    resolution: {integrity: sha1-Kn/l3WNKHkElqXXsmU/1RW3Dc00=}
    engines: {node: '>=8.6'}
    dependencies:
      ansi-colors: 4.1.3
    dev: true

  /es-define-property@1.0.0:
    resolution: {integrity: sha1-x/rvvf+LJpbPX0aSHt+3fMS6OEU=}
    engines: {node: '>= 0.4'}
    dependencies:
      get-intrinsic: 1.2.4
    dev: false

  /es-errors@1.3.0:
    resolution: {integrity: sha1-BfdaJdq5jk+x3NXhRywFRtUFfI8=}
    engines: {node: '>= 0.4'}
    dev: false

  /escape-html@1.0.3:
    resolution: {integrity: sha1-Aljq5NPQwJdN4cFpGI7wBR0dGYg=}
    dev: false

  /escape-string-regexp@4.0.0:
    resolution: {integrity: sha1-FLqDpdNz49MR5a/KKc9b+tllvzQ=}
    engines: {node: '>=10'}
    dev: true

  /escodegen@2.1.0:
    resolution: {integrity: sha1-upO7t6Q5htKdYEH5n1Ji2nc+Lhc=}
    engines: {node: '>=6.0'}
    hasBin: true
    dependencies:
      esprima: 4.0.1
      estraverse: 5.3.0
      esutils: 2.0.3
    optionalDependencies:
      source-map: 0.6.1
    dev: true

  /esprima@4.0.1:
    resolution: {integrity: sha1-E7BM2z5sXRnfkatph6hpVhmwqnE=}
    engines: {node: '>=4'}
    hasBin: true
    dev: true

  /estraverse@5.3.0:
    resolution: {integrity: sha1-LupSkHAvJquP5TcDcP+GyWXSESM=}
    engines: {node: '>=4.0'}
    dev: true

  /esutils@2.0.3:
    resolution: {integrity: sha1-dNLrTeC42hKTcRkQ1Qd1ubcQ72Q=}
    engines: {node: '>=0.10.0'}
    dev: true

  /etag@1.8.1:
    resolution: {integrity: sha1-Qa4u62XvpiJorr/qg6x9eSmbCIc=}
    engines: {node: '>= 0.6'}
    dev: false

  /eventemitter2@0.4.14:
    resolution: {integrity: sha1-j2G3XN4BKy6esoTUVFWDtWQ7Yas=}
    dev: true

  /eventemitter2@5.0.1:
    resolution: {integrity: sha1-YZegldX7a1folC9v1+qtY6CclFI=}
    dev: true

  /eventemitter2@6.4.9:
    resolution: {integrity: sha1-QfJ1B4G0Iw7ViCe8EZ0pNHHssSU=}
    dev: true

  /express@4.19.2:
    resolution: {integrity: sha1-4lQ3gno6p/KoJ7yBcbu7Zko1ZGU=}
    engines: {node: '>= 0.10.0'}
    dependencies:
      accepts: 1.3.8
      array-flatten: 1.1.1
      body-parser: 1.20.2
      content-disposition: 0.5.4
      content-type: 1.0.5
      cookie: 0.6.0
      cookie-signature: 1.0.6
      debug: 2.6.9
      depd: 2.0.0
      encodeurl: 1.0.2
      escape-html: 1.0.3
      etag: 1.8.1
      finalhandler: 1.2.0
      fresh: 0.5.2
      http-errors: 2.0.0
      merge-descriptors: 1.0.1
      methods: 1.1.2
      on-finished: 2.4.1
      parseurl: 1.3.3
      path-to-regexp: 0.1.7
      proxy-addr: 2.0.7
      qs: 6.11.0
      range-parser: 1.2.1
      safe-buffer: 5.2.1
      send: 0.18.0
      serve-static: 1.15.0
      setprototypeof: 1.2.0
      statuses: 2.0.1
      type-is: 1.6.18
      utils-merge: 1.0.1
      vary: 1.1.2
    transitivePeerDependencies:
      - supports-color
    dev: false

  /extrareqp2@1.0.0(debug@4.3.4):
    resolution: {integrity: sha1-qvitFJXXI/cSdrDqsEHAYaoh8DU=}
    dependencies:
      follow-redirects: 1.15.6(debug@4.3.4)
    transitivePeerDependencies:
      - debug
    dev: true

  /fast-json-patch@3.1.1:
    resolution: {integrity: sha1-hQZOobHr+Xo/etAeI/kzfnLGaUc=}
    dev: true

  /fclone@1.0.11:
    resolution: {integrity: sha1-EOhdo4v+p/xZk0HClu4ddyZu5kA=}
    dev: true

  /fill-range@7.0.1:
    resolution: {integrity: sha1-GRmmp8df44ssfHflGYU12prN2kA=}
    engines: {node: '>=8'}
    dependencies:
      to-regex-range: 5.0.1
    dev: true

  /finalhandler@1.2.0:
    resolution: {integrity: sha1-fSP+VzGyB7RkDk/NAK7B+SB6ezI=}
    engines: {node: '>= 0.8'}
    dependencies:
      debug: 2.6.9
      encodeurl: 1.0.2
      escape-html: 1.0.3
      on-finished: 2.4.1
      parseurl: 1.3.3
      statuses: 2.0.1
      unpipe: 1.0.0
    transitivePeerDependencies:
      - supports-color
    dev: false

  /follow-redirects@1.15.6(debug@4.3.4):
    resolution: {integrity: sha1-f4FcDNpCScdP8J6V75fCO1/QOZs=}
    engines: {node: '>=4.0'}
    peerDependencies:
      debug: '*'
    peerDependenciesMeta:
      debug:
        optional: true
    dependencies:
      debug: 4.3.4(supports-color@5.5.0)
    dev: true

  /forwarded@0.2.0:
    resolution: {integrity: sha1-ImmTZCiq1MFcfr6XeahL8LKoGBE=}
    engines: {node: '>= 0.6'}
    dev: false

  /fresh@0.5.2:
    resolution: {integrity: sha1-PYyt2Q2XZWn6g1qx+OSyOhBWBac=}
    engines: {node: '>= 0.6'}
    dev: false

  /fs-extra@11.2.0:
    resolution: {integrity: sha1-5w4X361kIyKH0BkpOZ4Op8hrDls=}
    engines: {node: '>=14.14'}
    dependencies:
      graceful-fs: 4.2.11
      jsonfile: 6.1.0
      universalify: 2.0.1
    dev: true

  /fs.realpath@1.0.0:
    resolution: {integrity: sha1-FQStJSMVjKpA20onh8sBQRmU6k8=}
    dev: true

  /fsevents@2.3.3:
    resolution: {integrity: sha1-ysZAd4XQNnWipeGlMFxpezR9kNY=}
    engines: {node: ^8.16.0 || ^10.6.0 || >=11.0.0}
    os: [darwin]
    requiresBuild: true
    dev: true
    optional: true

  /function-bind@1.1.2:
    resolution: {integrity: sha1-LALYZNl/PqbIgwxGTL0Rq26rehw=}

  /get-intrinsic@1.2.4:
    resolution: {integrity: sha1-44X1pLUifUScPqu60FSU7wq76t0=}
    engines: {node: '>= 0.4'}
    dependencies:
      es-errors: 1.3.0
      function-bind: 1.1.2
      has-proto: 1.0.3
      has-symbols: 1.0.3
      hasown: 2.0.2
    dev: false

  /get-uri@6.0.3:
    resolution: {integrity: sha1-DSZpe8E8+RCS5RmqY6pg7ltvOFo=}
    engines: {node: '>= 14'}
    dependencies:
      basic-ftp: 5.0.5
      data-uri-to-buffer: 6.0.2
      debug: 4.3.4(supports-color@5.5.0)
      fs-extra: 11.2.0
    transitivePeerDependencies:
      - supports-color
    dev: true

  /git-node-fs@1.0.0(js-git@0.7.8):
    resolution: {integrity: sha1-SbIV4kLr5Dqkx1Ybu6SZUhdSCA8=}
    peerDependencies:
      js-git: ^0.7.8
    peerDependenciesMeta:
      js-git:
        optional: true
    dependencies:
      js-git: 0.7.8
    dev: true

  /git-sha1@0.1.2:
    resolution: {integrity: sha1-WZrBkrcYdYJeE6RF86bgURjC90U=}
    dev: true

  /glob-parent@5.1.2:
    resolution: {integrity: sha1-hpgyxYA0/mikCTwX3BXoNA2EAcQ=}
    engines: {node: '>= 6'}
    dependencies:
      is-glob: 4.0.3
    dev: true

  /glob@7.2.3:
    resolution: {integrity: sha1-uN8PuAK7+o6JvR2Ti04WV47UTys=}
    dependencies:
      fs.realpath: 1.0.0
      inflight: 1.0.6
      inherits: 2.0.4
      minimatch: 3.1.2
      once: 1.4.0
      path-is-absolute: 1.0.1
    dev: true

  /gopd@1.0.1:
    resolution: {integrity: sha1-Kf923mnax0ibfAkYpXiOVkd8Myw=}
    dependencies:
      get-intrinsic: 1.2.4
    dev: false

  /graceful-fs@4.2.11:
    resolution: {integrity: sha1-QYPk6L8Iu24Fu7L30uDI9xLKQOM=}
    dev: true

  /has-flag@3.0.0:
    resolution: {integrity: sha1-tdRU3CGZriJWmfNGfloH87lVuv0=}
    engines: {node: '>=4'}
    dev: true

  /has-flag@4.0.0:
    resolution: {integrity: sha1-lEdx/ZyByBJlxNaUGGDaBrtZR5s=}
    engines: {node: '>=8'}
    dev: true

  /has-property-descriptors@1.0.2:
    resolution: {integrity: sha1-lj7X0HHce/XwhMW/vg0bYiJYaFQ=}
    dependencies:
      es-define-property: 1.0.0
    dev: false

  /has-proto@1.0.3:
    resolution: {integrity: sha1-sx3f6bDm6ZFFNqarKGQm0CFPd/0=}
    engines: {node: '>= 0.4'}
    dev: false

  /has-symbols@1.0.3:
    resolution: {integrity: sha1-u3ssQ0klHc6HsSX3vfh0qnyLOfg=}
    engines: {node: '>= 0.4'}
    dev: false

  /hasown@2.0.2:
    resolution: {integrity: sha1-AD6vkb563DcuhOxZ3DclLO24AAM=}
    engines: {node: '>= 0.4'}
    dependencies:
      function-bind: 1.1.2

  /http-errors@2.0.0:
    resolution: {integrity: sha1-t3dKFIbvc892Z6ya4IWMASxXudM=}
    engines: {node: '>= 0.8'}
    dependencies:
      depd: 2.0.0
      inherits: 2.0.4
      setprototypeof: 1.2.0
      statuses: 2.0.1
      toidentifier: 1.0.1
    dev: false

  /http-proxy-agent@7.0.2:
    resolution: {integrity: sha1-mosfJGhmwChQlIZYX2K48sGMJw4=}
    engines: {node: '>= 14'}
    dependencies:
      agent-base: 7.1.1
      debug: 4.3.4(supports-color@5.5.0)
    transitivePeerDependencies:
      - supports-color
    dev: true

  /https-proxy-agent@7.0.4:
    resolution: {integrity: sha1-jpe4QaAprY3chzHyZZW62GjLQWg=}
    engines: {node: '>= 14'}
    dependencies:
      agent-base: 7.1.1
      debug: 4.3.4(supports-color@5.5.0)
    transitivePeerDependencies:
      - supports-color
    dev: true

  /iconv-lite@0.4.24:
    resolution: {integrity: sha1-ICK0sl+93CHS9SSXSkdKr+czkIs=}
    engines: {node: '>=0.10.0'}
    dependencies:
      safer-buffer: 2.1.2

  /ignore-by-default@1.0.1:
    resolution: {integrity: sha1-SMptcvbGo68Aqa1K5odr44ieKwk=}
    dev: true

  /inflight@1.0.6:
    resolution: {integrity: sha1-Sb1jMdfQLQwJvJEKEHW6gWW1bfk=}
    dependencies:
      once: 1.4.0
      wrappy: 1.0.2
    dev: true

  /inherits@2.0.4:
    resolution: {integrity: sha1-D6LGT5MpF8NDOg3tVTY6rjdBa3w=}

  /ini@1.3.8:
    resolution: {integrity: sha1-op2kJbSIBvNHZ6Tvzjlyaa8oQyw=}
    dev: true

  /ip-address@9.0.5:
    resolution: {integrity: sha1-EXqWCBmwh4DDvR8U7zwcwdPz6lo=}
    engines: {node: '>= 12'}
    dependencies:
      jsbn: 1.1.0
      sprintf-js: 1.1.3
    dev: true

  /ipaddr.js@1.9.1:
    resolution: {integrity: sha1-v/OFQ+64mEglB5/zoqjmy9RngbM=}
    engines: {node: '>= 0.10'}
    dev: false

  /is-binary-path@2.1.0:
    resolution: {integrity: sha1-6h9/O4DwZCNug0cPhsCcJU+0Wwk=}
    engines: {node: '>=8'}
    dependencies:
      binary-extensions: 2.3.0
    dev: true

  /is-core-module@2.13.1:
    resolution: {integrity: sha1-rQ11Msb+qdoevcgnQtdFJcYnM4Q=}
    dependencies:
      hasown: 2.0.2
    dev: true

  /is-extglob@2.1.1:
    resolution: {integrity: sha1-qIwCU1eR8C7TfHahueqXc8gz+MI=}
    engines: {node: '>=0.10.0'}
    dev: true

  /is-glob@4.0.3:
    resolution: {integrity: sha1-ZPYeQsu7LuwgcanawLKLoeZdUIQ=}
    engines: {node: '>=0.10.0'}
    dependencies:
      is-extglob: 2.1.1
    dev: true

  /is-number@7.0.0:
    resolution: {integrity: sha1-dTU0W4lnNNX4DE0GxQlVUnoU8Ss=}
    engines: {node: '>=0.12.0'}
    dev: true

  /js-git@0.7.8:
    resolution: {integrity: sha1-UvplWrYYd9bxB578ZTS1VPMeVEQ=}
    dependencies:
      bodec: 0.1.0
      culvert: 0.1.2
      git-sha1: 0.1.2
      pako: 0.2.9
    dev: true

  /jsbn@1.1.0:
    resolution: {integrity: sha1-sBMHyym2GKHtJux56RH4A8TaAEA=}
    dev: true

  /json-stringify-safe@5.0.1:
    resolution: {integrity: sha1-Epai1Y/UXxmg9s4B1lcB4sc1tus=}
    requiresBuild: true
    dev: true
    optional: true

  /jsonfile@6.1.0:
    resolution: {integrity: sha1-vFWyY0eTxnnsZAMJTrE2mKbsCq4=}
    dependencies:
      universalify: 2.0.1
    optionalDependencies:
      graceful-fs: 4.2.11
    dev: true

  /lazy@1.0.11:
    resolution: {integrity: sha1-2qBoIGKCVCwIgojpdcKXwa53tpA=}
    engines: {node: '>=0.2.0'}
    dev: true

  /lodash@4.17.21:
    resolution: {integrity: sha1-Z5WRxWTDv/quhFTPCz3zcMPWkRw=}
    dev: true

  /log-driver@1.2.7:
    resolution: {integrity: sha1-Y7lQIfBwL+36LJuwok53l9cYcdg=}
    engines: {node: '>=0.8.6'}
    dev: true

  /lru-cache@6.0.0:
    resolution: {integrity: sha1-bW/mVw69lqr5D8rR2vo7JWbbOpQ=}
    engines: {node: '>=10'}
    dependencies:
      yallist: 4.0.0
    dev: true

  /lru-cache@7.18.3:
    resolution: {integrity: sha1-95OJbg/Q6VSlnf3YLwdzgI32qok=}
    engines: {node: '>=12'}
    dev: true

  /make-error@1.3.6:
    resolution: {integrity: sha1-LrLjfqm2fEiR9oShOUeZr0hM96I=}
    dev: true

  /media-typer@0.3.0:
    resolution: {integrity: sha1-hxDXrwqmJvj/+hzgAWhUUmMlV0g=}
    engines: {node: '>= 0.6'}
    dev: false

  /merge-descriptors@1.0.1:
    resolution: {integrity: sha1-sAqqVW3YtEVoFQ7J0blT8/kMu2E=}
    dev: false

  /methods@1.1.2:
    resolution: {integrity: sha1-VSmk1nZUE07cxSZmVoNbD4Ua/O4=}
    engines: {node: '>= 0.6'}
    dev: false

  /mime-db@1.52.0:
    resolution: {integrity: sha1-u6vNwChZ9JhzAchW4zh85exDv3A=}
    engines: {node: '>= 0.6'}
    dev: false

  /mime-types@2.1.35:
    resolution: {integrity: sha1-OBqHG2KnNEUGYK497uRIE/cNlZo=}
    engines: {node: '>= 0.6'}
    dependencies:
      mime-db: 1.52.0
    dev: false

  /mime@1.6.0:
    resolution: {integrity: sha1-Ms2eXGRVO9WNGaVor0Uqz/BJgbE=}
    engines: {node: '>=4'}
    hasBin: true
    dev: false

  /minimatch@3.1.2:
    resolution: {integrity: sha1-Gc0ZS/0+Qo8EmnCBfAONiatL41s=}
    dependencies:
      brace-expansion: 1.1.11
    dev: true

  /mkdirp@1.0.4:
    resolution: {integrity: sha1-PrXtYmInVteaXw4qIh3+utdcL34=}
    engines: {node: '>=10'}
    hasBin: true
    dev: true

  /module-details-from-path@1.0.3:
    resolution: {integrity: sha1-EUyUlnPiqKNenTV4hSeqN7Z52is=}
    dev: true

  /ms@2.0.0:
    resolution: {integrity: sha1-VgiurfwAvmwpAd9fmGF4jeDVl8g=}
    dev: false

  /ms@2.1.2:
    resolution: {integrity: sha1-0J0fNXtEP0kzgqjrPM0YOHKuYAk=}
    dev: true

  /ms@2.1.3:
    resolution: {integrity: sha1-V0yBOM4dK1hh8LRFedut1gxmFbI=}

  /mute-stream@0.0.8:
    resolution: {integrity: sha1-FjDEKyJR/4HiooPelqVJfqkuXg0=}
    dev: true

  /needle@2.4.0:
    resolution: {integrity: sha1-aDPnSXXERGQlkOFadQKIxfk5tXw=}
    engines: {node: '>= 4.4.x'}
    hasBin: true
    dependencies:
      debug: 3.2.7
      iconv-lite: 0.4.24
      sax: 1.3.0
    transitivePeerDependencies:
      - supports-color
    dev: true

  /negotiator@0.6.3:
    resolution: {integrity: sha1-WOMjpy/twNb5zU0x/kn1FHlZDM0=}
    engines: {node: '>= 0.6'}
    dev: false

  /netmask@2.0.2:
    resolution: {integrity: sha1-iwGgdkQGXVNjg4NYI7xSAE66xec=}
    engines: {node: '>= 0.4.0'}
    dev: true

  /nodemon@3.1.0:
    resolution: {integrity: sha1-/3OU8kUOtqXpb+QYCs1RdrKXmck=}
    engines: {node: '>=10'}
    hasBin: true
    dependencies:
      chokidar: 3.6.0
      debug: 4.3.4(supports-color@5.5.0)
      ignore-by-default: 1.0.1
      minimatch: 3.1.2
      pstree.remy: 1.1.8
      semver: 7.6.0
      simple-update-notifier: 2.0.0
      supports-color: 5.5.0
      touch: 3.1.0
      undefsafe: 2.0.5
    dev: true

  /nopt@1.0.10:
    resolution: {integrity: sha1-bd0hvSoxQXuScn3Vhfim83YI6+4=}
    hasBin: true
    dependencies:
      abbrev: 1.1.1
    dev: true

  /normalize-path@3.0.0:
    resolution: {integrity: sha1-Dc1p/yOhybEf0JeDFmRKA4ghamU=}
    engines: {node: '>=0.10.0'}
    dev: true

  /nssocket@0.6.0:
    resolution: {integrity: sha1-Wflvb/MhVm8zxw99vu7N/cBxVPo=}
    engines: {node: '>= 0.10.x'}
    dependencies:
      eventemitter2: 0.4.14
      lazy: 1.0.11
    dev: true

  /object-inspect@1.13.1:
    resolution: {integrity: sha1-uWxhCTJMz+9rEiFqlWyk3C/5S8I=}
    dev: false

  /on-finished@2.4.1:
    resolution: {integrity: sha1-WMjEQRblSEWtV/FKsQsDUzGErD8=}
    engines: {node: '>= 0.8'}
    dependencies:
      ee-first: 1.1.1
    dev: false

  /once@1.4.0:
    resolution: {integrity: sha1-WDsap3WWHUsROsF9nFC6753Xa9E=}
    dependencies:
      wrappy: 1.0.2
    dev: true

  /pac-proxy-agent@7.0.1:
    resolution: {integrity: sha1-a53cAC7D/wul/fSooh02O8xhLXU=}
    engines: {node: '>= 14'}
    dependencies:
      '@tootallnate/quickjs-emscripten': 0.23.0
      agent-base: 7.1.1
      debug: 4.3.4(supports-color@5.5.0)
      get-uri: 6.0.3
      http-proxy-agent: 7.0.2
      https-proxy-agent: 7.0.4
      pac-resolver: 7.0.1
      socks-proxy-agent: 8.0.3
    transitivePeerDependencies:
      - supports-color
    dev: true

  /pac-resolver@7.0.1:
    resolution: {integrity: sha1-VGdVWOo2i2TSEP2ckqZAtfO4q7Y=}
    engines: {node: '>= 14'}
    dependencies:
      degenerator: 5.0.1
      netmask: 2.0.2
    dev: true

  /pako@0.2.9:
    resolution: {integrity: sha1-8/dSL073gjSNqBYbrZ7P1Rv4OnU=}
    dev: true

  /parseurl@1.3.3:
    resolution: {integrity: sha1-naGee+6NEt/wUT7Vt2lXeTvC6NQ=}
    engines: {node: '>= 0.8'}
    dev: false

  /path-is-absolute@1.0.1:
    resolution: {integrity: sha1-F0uSaHNVNP+8es5r9TpanhtcX18=}
    engines: {node: '>=0.10.0'}
    dev: true

  /path-parse@1.0.7:
    resolution: {integrity: sha1-+8EUtgykKzDZ2vWFjkvWi77bZzU=}
    dev: true

  /path-to-regexp@0.1.7:
    resolution: {integrity: sha1-32BBeABfUi8V60SQ5yR6G/qmf4w=}
    dev: false

  /picomatch@2.3.1:
    resolution: {integrity: sha1-O6ODNzNkbZ0+SZWUbBNlpn+wekI=}
    engines: {node: '>=8.6'}
    dev: true

  /pidusage@2.0.21:
    resolution: {integrity: sha1-cGiWez2VK66nPldmjJi56qh2iU4=}
    engines: {node: '>=8'}
    requiresBuild: true
    dependencies:
      safe-buffer: 5.2.1
    dev: true
    optional: true

  /pidusage@3.0.2:
    resolution: {integrity: sha1-b6pUArJTCzryz5PRO88gKIlySlM=}
    engines: {node: '>=10'}
    dependencies:
      safe-buffer: 5.2.1
    dev: true

  /pm2-axon-rpc@0.7.1:
    resolution: {integrity: sha1-La7FODpjE1s/GLq7cCZtrNy8Qpo=}
    engines: {node: '>=5'}
    dependencies:
      debug: 4.3.4(supports-color@5.5.0)
    transitivePeerDependencies:
      - supports-color
    dev: true

  /pm2-axon@4.0.1:
    resolution: {integrity: sha1-p7S7WG6a6zWxBCtIjN4Vtgyrr9I=}
    engines: {node: '>=5'}
    dependencies:
      amp: 0.3.1
      amp-message: 0.1.2
      debug: 4.3.4(supports-color@5.5.0)
      escape-string-regexp: 4.0.0
    transitivePeerDependencies:
      - supports-color
    dev: true

  /pm2-deploy@1.0.2:
    resolution: {integrity: sha1-mNg4VVOjpNyhHHsxFt61GbxZYac=}
    engines: {node: '>=4.0.0'}
    dependencies:
      run-series: 1.1.9
      tv4: 1.3.0
    dev: true

  /pm2-multimeter@0.1.2:
    resolution: {integrity: sha1-Gh5VFT1BoFU0zqI8/oYKuqDrSs4=}
    dependencies:
      charm: 0.1.2
    dev: true

  /pm2-sysmonit@1.2.8:
    resolution: {integrity: sha1-7d6jSlP9jI18PvtzuXo8VIaG4k0=}
    requiresBuild: true
    dependencies:
      async: 3.2.5
      debug: 4.3.4(supports-color@5.5.0)
      pidusage: 2.0.21
      systeminformation: 5.22.6
      tx2: 1.0.5
    transitivePeerDependencies:
      - supports-color
    dev: true
    optional: true

  /pm2@5.3.1:
    resolution: {integrity: sha1-9MGxGZqsKYjpB5yk8SetqhpdGM4=}
    engines: {node: '>=10.0.0'}
    hasBin: true
    dependencies:
      '@pm2/agent': 2.0.3
      '@pm2/io': 5.0.2
      '@pm2/js-api': 0.8.0
      '@pm2/pm2-version-check': 1.0.4
      async: 3.2.5
      blessed: 0.1.81
      chalk: 3.0.0
      chokidar: 3.6.0
      cli-tableau: 2.0.1
      commander: 2.15.1
      croner: 4.1.97
      dayjs: 1.11.10
      debug: 4.3.4(supports-color@5.5.0)
      enquirer: 2.3.6
      eventemitter2: 5.0.1
      fclone: 1.0.11
      mkdirp: 1.0.4
      needle: 2.4.0
      pidusage: 3.0.2
      pm2-axon: 4.0.1
      pm2-axon-rpc: 0.7.1
      pm2-deploy: 1.0.2
      pm2-multimeter: 0.1.2
      promptly: 2.2.0
      semver: 7.6.0
      source-map-support: 0.5.21
      sprintf-js: 1.1.2
      vizion: 2.2.1
      yamljs: 0.3.0
    optionalDependencies:
      pm2-sysmonit: 1.2.8
    transitivePeerDependencies:
      - bufferutil
      - supports-color
      - utf-8-validate
    dev: true

  /promptly@2.2.0:
    resolution: {integrity: sha1-KhP6BjaIoqWYOxYf/wEIoH0m/HQ=}
    dependencies:
      read: 1.0.7
    dev: true

  /proxy-addr@2.0.7:
    resolution: {integrity: sha1-8Z/mnOqzEe65S0LnDowgcPm6ECU=}
    engines: {node: '>= 0.10'}
    dependencies:
      forwarded: 0.2.0
      ipaddr.js: 1.9.1
    dev: false

  /proxy-agent@6.3.1:
    resolution: {integrity: sha1-QOeyMFUs9E/SP/r3xZAktpJhJoc=}
    engines: {node: '>= 14'}
    dependencies:
      agent-base: 7.1.1
      debug: 4.3.4(supports-color@5.5.0)
      http-proxy-agent: 7.0.2
      https-proxy-agent: 7.0.4
      lru-cache: 7.18.3
      pac-proxy-agent: 7.0.1
      proxy-from-env: 1.1.0
      socks-proxy-agent: 8.0.3
    transitivePeerDependencies:
      - supports-color
    dev: true

  /proxy-from-env@1.1.0:
    resolution: {integrity: sha1-4QLxbKNVQkhldV0sno6k8k1Yw+I=}
    dev: true

  /pstree.remy@1.1.8:
    resolution: {integrity: sha1-wkIiT0pnwh9oaDm720rCgrg3PTo=}
    dev: true

  /qs@6.11.0:
    resolution: {integrity: sha1-/Q2WNEb3pl4TZ+AavYVClFPww3o=}
    engines: {node: '>=0.6'}
    dependencies:
      side-channel: 1.0.6
    dev: false

  /range-parser@1.2.1:
    resolution: {integrity: sha1-PPNwI9GZ4cJNGlW4SADC8+ZGgDE=}
    engines: {node: '>= 0.6'}
    dev: false

  /raw-body@2.5.2:
    resolution: {integrity: sha1-mf69g7kOCJdQh+jx+UGaFJNmtoo=}
    engines: {node: '>= 0.8'}
    dependencies:
      bytes: 3.1.2
      http-errors: 2.0.0
      iconv-lite: 0.4.24
      unpipe: 1.0.0
    dev: false

  /read@1.0.7:
    resolution: {integrity: sha1-s9oZvQUkMal2cdRKQmNK33ELQMQ=}
    engines: {node: '>=0.8'}
    dependencies:
      mute-stream: 0.0.8
    dev: true

  /readdirp@3.6.0:
    resolution: {integrity: sha1-dKNwvYVxFuJFspzJc0DNQxoCpsc=}
    engines: {node: '>=8.10.0'}
    dependencies:
      picomatch: 2.3.1
    dev: true

  /require-in-the-middle@5.2.0:
    resolution: {integrity: sha1-S3HjzH9Zl3EAr5vrdr8tBWpabeI=}
    engines: {node: '>=6'}
    dependencies:
      debug: 4.3.4(supports-color@5.5.0)
      module-details-from-path: 1.0.3
      resolve: 1.22.8
    transitivePeerDependencies:
      - supports-color
    dev: true

  /resolve@1.22.8:
    resolution: {integrity: sha1-tsh6nyqgbfq1Lj1wrIzeMh+lpI0=}
    hasBin: true
    dependencies:
      is-core-module: 2.13.1
      path-parse: 1.0.7
      supports-preserve-symlinks-flag: 1.0.0
    dev: true

  /run-series@1.1.9:
    resolution: {integrity: sha1-FbqcuQ5qbAVOZ8mOHcBj3w7METo=}
    dev: true

  /safe-buffer@5.2.1:
    resolution: {integrity: sha1-Hq+fqb2x/dTsdfWPnNtOa3gn7sY=}

  /safer-buffer@2.1.2:
    resolution: {integrity: sha1-RPoWGwGHuVSd2Eu5GAL5vYOFzWo=}

  /sax@1.3.0:
    resolution: {integrity: sha1-pdvnfbO+BcnR7neF29PqneUVk9A=}
    dev: true

  /semver@5.7.2:
    resolution: {integrity: sha1-SNVdtzfDKHzUg14X+hP+rOHEHvg=}
    hasBin: true
    dev: true

  /semver@7.5.4:
    resolution: {integrity: sha1-SDmG7E7TjhxsSMNIlKkYLb/2im4=}
    engines: {node: '>=10'}
    hasBin: true
    dependencies:
      lru-cache: 6.0.0
    dev: true

  /semver@7.6.0:
    resolution: {integrity: sha1-Gkak20v/zM2Xt0O1AFyDJfI9Ti0=}
    engines: {node: '>=10'}
    hasBin: true
    dependencies:
      lru-cache: 6.0.0
    dev: true

  /send@0.18.0:
    resolution: {integrity: sha1-ZwFnzGVLBfWqSnZ/kRO7NxvHBr4=}
    engines: {node: '>= 0.8.0'}
    dependencies:
      debug: 2.6.9
      depd: 2.0.0
      destroy: 1.2.0
      encodeurl: 1.0.2
      escape-html: 1.0.3
      etag: 1.8.1
      fresh: 0.5.2
      http-errors: 2.0.0
      mime: 1.6.0
      ms: 2.1.3
      on-finished: 2.4.1
      range-parser: 1.2.1
      statuses: 2.0.1
    transitivePeerDependencies:
      - supports-color
    dev: false

  /serve-static@1.15.0:
    resolution: {integrity: sha1-+q7wjP/goaYvYMrQxOUTz/CslUA=}
    engines: {node: '>= 0.8.0'}
    dependencies:
      encodeurl: 1.0.2
      escape-html: 1.0.3
      parseurl: 1.3.3
      send: 0.18.0
    transitivePeerDependencies:
      - supports-color
    dev: false

  /set-function-length@1.2.2:
    resolution: {integrity: sha1-qscjFBmOrtl1z3eyw7a4gGleVEk=}
    engines: {node: '>= 0.4'}
    dependencies:
      define-data-property: 1.1.4
      es-errors: 1.3.0
      function-bind: 1.1.2
      get-intrinsic: 1.2.4
      gopd: 1.0.1
      has-property-descriptors: 1.0.2
    dev: false

  /setprototypeof@1.2.0:
    resolution: {integrity: sha1-ZsmiSnP5/CjL5msJ/tPTPcrxtCQ=}
    dev: false

  /shimmer@1.2.1:
    resolution: {integrity: sha1-YQhZ994ye1h+/r9QH7QxF/mv8zc=}
    dev: true

  /side-channel@1.0.6:
    resolution: {integrity: sha1-q9Jft80kuvRUZkBrEJa3gxySFfI=}
    engines: {node: '>= 0.4'}
    dependencies:
      call-bind: 1.0.7
      es-errors: 1.3.0
      get-intrinsic: 1.2.4
      object-inspect: 1.13.1
    dev: false

  /signal-exit@3.0.7:
    resolution: {integrity: sha1-qaF2f4r4QVURTqq9c/mSc8j1mtk=}
    dev: true

  /simple-update-notifier@2.0.0:
    resolution: {integrity: sha1-1wuSvat9bZDf1zkxGVowtuPXzrs=}
    engines: {node: '>=10'}
    dependencies:
      semver: 7.6.0
    dev: true

  /smart-buffer@4.2.0:
    resolution: {integrity: sha1-bh1x+k8YwF99D/IW3RakgdDo2a4=}
    engines: {node: '>= 6.0.0', npm: '>= 3.0.0'}
    dev: true

  /socks-proxy-agent@8.0.3:
    resolution: {integrity: sha1-ay2j13Nk/eYpLoELSWy3BEC5uJ0=}
    engines: {node: '>= 14'}
    dependencies:
      agent-base: 7.1.1
      debug: 4.3.4(supports-color@5.5.0)
      socks: 2.8.1
    transitivePeerDependencies:
      - supports-color
    dev: true

  /socks@2.8.1:
    resolution: {integrity: sha1-IsfZ3XiCZJBDy6Dq+0muFE40V68=}
    engines: {node: '>= 10.0.0', npm: '>= 3.0.0'}
    dependencies:
      ip-address: 9.0.5
      smart-buffer: 4.2.0
    dev: true

  /source-map-support@0.5.21:
    resolution: {integrity: sha1-BP58f54e0tZiIzwoyys1ufY/bk8=}
    dependencies:
      buffer-from: 1.1.2
      source-map: 0.6.1
    dev: true

  /source-map@0.6.1:
    resolution: {integrity: sha1-dHIq8y6WFOnCh6jQu95IteLxomM=}
    engines: {node: '>=0.10.0'}
    dev: true

  /sprintf-js@1.0.3:
    resolution: {integrity: sha1-BOaSb2YolTVPPdAVIDYzuFcpfiw=}
    dev: true

  /sprintf-js@1.1.2:
    resolution: {integrity: sha1-2hdlJiv4wPVxdJ8q1sJjACB65nM=}
    dev: true

  /sprintf-js@1.1.3:
    resolution: {integrity: sha1-SRS5A6L4toXRf994pw6RfocuREo=}
    dev: true

  /statuses@2.0.1:
    resolution: {integrity: sha1-VcsADM8dSHKL0jxoWgY5mM8aG2M=}
    engines: {node: '>= 0.8'}
    dev: false

  /supports-color@5.5.0:
    resolution: {integrity: sha1-4uaaRKyHcveKHsCzW2id9lMO/I8=}
    engines: {node: '>=4'}
    dependencies:
      has-flag: 3.0.0
    dev: true

  /supports-color@7.2.0:
    resolution: {integrity: sha1-G33NyzK4E4gBs+R4umpRyqiWSNo=}
    engines: {node: '>=8'}
    dependencies:
      has-flag: 4.0.0
    dev: true

  /supports-preserve-symlinks-flag@1.0.0:
    resolution: {integrity: sha1-btpL00SjyUrqN21MwxvHcxEDngk=}
    engines: {node: '>= 0.4'}
    dev: true

  /systeminformation@5.22.6:
    resolution: {integrity: sha1-r4krw/9t+BdfLBbPw70G0RMNpd0=}
    engines: {node: '>=8.0.0'}
    os: [darwin, linux, win32, freebsd, openbsd, netbsd, sunos, android]
    hasBin: true
    requiresBuild: true
    dev: true
    optional: true

  /to-regex-range@5.0.1:
    resolution: {integrity: sha1-FkjESq58jZiKMmAY7XL1tN0DkuQ=}
    engines: {node: '>=8.0'}
    dependencies:
      is-number: 7.0.0
    dev: true

  /toidentifier@1.0.1:
    resolution: {integrity: sha1-O+NDIaiKgg7RvYDfqjPkefu43TU=}
    engines: {node: '>=0.6'}
    dev: false

  /touch@3.1.0:
    resolution: {integrity: sha1-/jZfX3XsntTlaCXgu3bSSrdK+Ds=}
    hasBin: true
    dependencies:
      nopt: 1.0.10
    dev: true

  /ts-node@10.9.2(@types/node@18.19.28)(typescript@4.9.5):
    resolution: {integrity: sha1-cPAhyeGFvM3Kgg4m3EE4BcEBxx8=}
    hasBin: true
    peerDependencies:
      '@swc/core': '>=1.2.50'
      '@swc/wasm': '>=1.2.50'
      '@types/node': '*'
      typescript: '>=2.7'
    peerDependenciesMeta:
      '@swc/core':
        optional: true
      '@swc/wasm':
        optional: true
    dependencies:
      '@cspotcode/source-map-support': 0.8.1
      '@tsconfig/node10': 1.0.11
      '@tsconfig/node12': 1.0.11
      '@tsconfig/node14': 1.0.3
      '@tsconfig/node16': 1.0.4
      '@types/node': 18.19.28
      acorn: 8.11.3
      acorn-walk: 8.3.2
      arg: 4.1.3
      create-require: 1.1.1
      diff: 4.0.2
      make-error: 1.3.6
      typescript: 4.9.5
      v8-compile-cache-lib: 3.0.1
      yn: 3.1.1
    dev: true

  /tslib@1.9.3:
    resolution: {integrity: sha1-1+TdeSRdhUKMTX5IIqeZF5VMooY=}
    dev: true

  /tslib@2.6.2:
    resolution: {integrity: sha1-cDrClCXns3zW/UVukkBNRtHz5K4=}
    dev: true

  /tv4@1.3.0:
    resolution: {integrity: sha1-0CDIRvrdUMhVq7JeuuzGj8EPeWM=}
    engines: {node: '>= 0.8.0'}
    dev: true

  /tx2@1.0.5:
    resolution: {integrity: sha1-7gsOXiw1H40j5UvfRt1gr6O7xz0=}
    requiresBuild: true
    dependencies:
      json-stringify-safe: 5.0.1
    dev: true
    optional: true

  /type-is@1.6.18:
    resolution: {integrity: sha1-TlUs0F3wlGfcvE73Od6J8s83wTE=}
    engines: {node: '>= 0.6'}
    dependencies:
      media-typer: 0.3.0
      mime-types: 2.1.35
    dev: false

  /typescript@4.9.5:
    resolution: {integrity: sha1-CVl5+bzA0J2jJNWNA86Pg3TL5lo=}
    engines: {node: '>=4.2.0'}
    hasBin: true
    dev: true

  /undefsafe@2.0.5:
    resolution: {integrity: sha1-OHM7kye9zSJtuIn7cjpu/RYubiw=}
    dev: true

  /undici-types@5.26.5:
    resolution: {integrity: sha1-vNU5iT0AtW6WT9JlekhmsiGmVhc=}
    dev: true

  /universalify@2.0.1:
    resolution: {integrity: sha1-Fo78IYCWTmOG0GHglN9hr+I5sY0=}
    engines: {node: '>= 10.0.0'}
    dev: true

  /unpipe@1.0.0:
    resolution: {integrity: sha1-sr9O6FFKrmFltIF4KdIbLvSZBOw=}
    engines: {node: '>= 0.8'}
    dev: false

  /utils-merge@1.0.1:
    resolution: {integrity: sha1-n5VxD1CiZ5R7LMwSR0HBAoQn5xM=}
    engines: {node: '>= 0.4.0'}
    dev: false

  /uuid@3.4.0:
    resolution: {integrity: sha1-sj5DWK+oogL+ehAK8fX4g/AgB+4=}
    hasBin: true
    dev: true

  /uuid@9.0.1:
    resolution: {integrity: sha1-4YjUyIU8xyIiA5LEJM1jfzIpPzA=}
    hasBin: true
    dev: false

  /v8-compile-cache-lib@3.0.1:
    resolution: {integrity: sha1-Yzbo1xllyz01obu3hoRFp8BSZL8=}
    dev: true

  /vary@1.1.2:
    resolution: {integrity: sha1-IpnwLG3tMNSllhsLn3RSShj2NPw=}
    engines: {node: '>= 0.8'}
    dev: false

  /vizion@2.2.1:
    resolution: {integrity: sha1-BCAepF/9FF1bUhDjhajzUXA4f7I=}
    engines: {node: '>=4.0'}
    dependencies:
      async: 2.6.4
      git-node-fs: 1.0.0(js-git@0.7.8)
      ini: 1.3.8
      js-git: 0.7.8
    dev: true

  /wrappy@1.0.2:
    resolution: {integrity: sha1-tSQ9jz7BqjXxNkYFvA0QNuMKtp8=}
    dev: true

  /ws@7.4.6:
    resolution: {integrity: sha1-VlTKjs3u5HwzqaS/bSjivimAN3w=}
    engines: {node: '>=8.3.0'}
    peerDependencies:
      bufferutil: ^4.0.1
      utf-8-validate: ^5.0.2
    peerDependenciesMeta:
      bufferutil:
        optional: true
      utf-8-validate:
        optional: true
    dev: true

  /ws@7.5.9:
    resolution: {integrity: sha1-VPp9sp9MfOxosd3TqJ3gmZQrtZE=}
    engines: {node: '>=8.3.0'}
    peerDependencies:
      bufferutil: ^4.0.1
      utf-8-validate: ^5.0.2
    peerDependenciesMeta:
      bufferutil:
        optional: true
      utf-8-validate:
        optional: true
    dev: true

  /yallist@4.0.0:
    resolution: {integrity: sha1-m7knkNnA7/7GO+c1GeEaNQGaOnI=}
    dev: true

  /yamljs@0.3.0:
    resolution: {integrity: sha1-3AYL8mdEezn3ME6bK/votafdsDs=}
    hasBin: true
    dependencies:
      argparse: 1.0.10
      glob: 7.2.3
    dev: true

  /yn@3.1.1:
    resolution: {integrity: sha1-HodAGgnXZ8HV6rJqbkwYUYLS61A=}
    engines: {node: '>=6'}
    dev: true
